// !$*UTF8*$!
{
	archiveVersion = 1;
	classes = {
	};
	objectVersion = 55;
	objects = {

/* Begin PBXBuildFile section */
		49BD0D6F28B75B5B00D41CF1 /* AppDelegate.swift in Sources */ = {isa = PBXBuildFile; fileRef = 49BD0D6E28B75B5B00D41CF1 /* AppDelegate.swift */; };
		49BD0D7128B75B5B00D41CF1 /* SceneDelegate.swift in Sources */ = {isa = PBXBuildFile; fileRef = 49BD0D7028B75B5B00D41CF1 /* SceneDelegate.swift */; };
		49BD0D7328B75B5B00D41CF1 /* BookFinderViewController.swift in Sources */ = {isa = PBXBuildFile; fileRef = 49BD0D7228B75B5B00D41CF1 /* BookFinderViewController.swift */; };
		49BD0D7828B75B5D00D41CF1 /* Assets.xcassets in Resources */ = {isa = PBXBuildFile; fileRef = 49BD0D7728B75B5D00D41CF1 /* Assets.xcassets */; };
		49BD0D8628B75B5D00D41CF1 /* BookFinderTests.swift in Sources */ = {isa = PBXBuildFile; fileRef = 49BD0D8528B75B5D00D41CF1 /* BookFinderTests.swift */; };
		49BD0D9028B75B5D00D41CF1 /* BookFinderUITests.swift in Sources */ = {isa = PBXBuildFile; fileRef = 49BD0D8F28B75B5D00D41CF1 /* BookFinderUITests.swift */; };
		49BD0D9228B75B5D00D41CF1 /* BookFinderUITestsLaunchTests.swift in Sources */ = {isa = PBXBuildFile; fileRef = 49BD0D9128B75B5D00D41CF1 /* BookFinderUITestsLaunchTests.swift */; };
		49BD0DA428B76D7D00D41CF1 /* SnapKit in Frameworks */ = {isa = PBXBuildFile; productRef = 49BD0DA328B76D7D00D41CF1 /* SnapKit */; };
		49BD0DA628B7769100D41CF1 /* BookCell.swift in Sources */ = {isa = PBXBuildFile; fileRef = 49BD0DA528B7769100D41CF1 /* BookCell.swift */; };
		49BD0DA928B7776300D41CF1 /* UITableView+Reusable.swift in Sources */ = {isa = PBXBuildFile; fileRef = 49BD0DA828B7776300D41CF1 /* UITableView+Reusable.swift */; };
		49BD0DAB28B7A0CE00D41CF1 /* BookDetailView.swift in Sources */ = {isa = PBXBuildFile; fileRef = 49BD0DAA28B7A0CD00D41CF1 /* BookDetailView.swift */; };
		49BD0DAD28B7AEA300D41CF1 /* EmptyCell.swift in Sources */ = {isa = PBXBuildFile; fileRef = 49BD0DAC28B7AEA300D41CF1 /* EmptyCell.swift */; };
		49BD0DB028B7B21300D41CF1 /* Then in Frameworks */ = {isa = PBXBuildFile; productRef = 49BD0DAF28B7B21300D41CF1 /* Then */; };
/* End PBXBuildFile section */

/* Begin PBXContainerItemProxy section */
		49BD0D8228B75B5D00D41CF1 /* PBXContainerItemProxy */ = {
			isa = PBXContainerItemProxy;
			containerPortal = 49BD0D6328B75B5B00D41CF1 /* Project object */;
			proxyType = 1;
			remoteGlobalIDString = 49BD0D6A28B75B5B00D41CF1;
			remoteInfo = BookFinder;
		};
		49BD0D8C28B75B5D00D41CF1 /* PBXContainerItemProxy */ = {
			isa = PBXContainerItemProxy;
			containerPortal = 49BD0D6328B75B5B00D41CF1 /* Project object */;
			proxyType = 1;
			remoteGlobalIDString = 49BD0D6A28B75B5B00D41CF1;
			remoteInfo = BookFinder;
		};
/* End PBXContainerItemProxy section */

/* Begin PBXFileReference section */
		49BD0D6B28B75B5B00D41CF1 /* BookFinder.app */ = {isa = PBXFileReference; explicitFileType = wrapper.application; includeInIndex = 0; path = BookFinder.app; sourceTree = BUILT_PRODUCTS_DIR; };
		49BD0D6E28B75B5B00D41CF1 /* AppDelegate.swift */ = {isa = PBXFileReference; lastKnownFileType = sourcecode.swift; path = AppDelegate.swift; sourceTree = "<group>"; };
		49BD0D7028B75B5B00D41CF1 /* SceneDelegate.swift */ = {isa = PBXFileReference; lastKnownFileType = sourcecode.swift; path = SceneDelegate.swift; sourceTree = "<group>"; };
		49BD0D7228B75B5B00D41CF1 /* BookFinderViewController.swift */ = {isa = PBXFileReference; lastKnownFileType = sourcecode.swift; path = BookFinderViewController.swift; sourceTree = "<group>"; };
		49BD0D7728B75B5D00D41CF1 /* Assets.xcassets */ = {isa = PBXFileReference; lastKnownFileType = folder.assetcatalog; path = Assets.xcassets; sourceTree = "<group>"; };
		49BD0D7C28B75B5D00D41CF1 /* Info.plist */ = {isa = PBXFileReference; lastKnownFileType = text.plist.xml; path = Info.plist; sourceTree = "<group>"; };
		49BD0D8128B75B5D00D41CF1 /* BookFinderTests.xctest */ = {isa = PBXFileReference; explicitFileType = wrapper.cfbundle; includeInIndex = 0; path = BookFinderTests.xctest; sourceTree = BUILT_PRODUCTS_DIR; };
		49BD0D8528B75B5D00D41CF1 /* BookFinderTests.swift */ = {isa = PBXFileReference; lastKnownFileType = sourcecode.swift; path = BookFinderTests.swift; sourceTree = "<group>"; };
		49BD0D8B28B75B5D00D41CF1 /* BookFinderUITests.xctest */ = {isa = PBXFileReference; explicitFileType = wrapper.cfbundle; includeInIndex = 0; path = BookFinderUITests.xctest; sourceTree = BUILT_PRODUCTS_DIR; };
		49BD0D8F28B75B5D00D41CF1 /* BookFinderUITests.swift */ = {isa = PBXFileReference; lastKnownFileType = sourcecode.swift; path = BookFinderUITests.swift; sourceTree = "<group>"; };
		49BD0D9128B75B5D00D41CF1 /* BookFinderUITestsLaunchTests.swift */ = {isa = PBXFileReference; lastKnownFileType = sourcecode.swift; path = BookFinderUITestsLaunchTests.swift; sourceTree = "<group>"; };
		49BD0DA528B7769100D41CF1 /* BookCell.swift */ = {isa = PBXFileReference; lastKnownFileType = sourcecode.swift; path = BookCell.swift; sourceTree = "<group>"; };
		49BD0DA828B7776300D41CF1 /* UITableView+Reusable.swift */ = {isa = PBXFileReference; lastKnownFileType = sourcecode.swift; path = "UITableView+Reusable.swift"; sourceTree = "<group>"; };
		49BD0DAA28B7A0CD00D41CF1 /* BookDetailView.swift */ = {isa = PBXFileReference; lastKnownFileType = sourcecode.swift; path = BookDetailView.swift; sourceTree = "<group>"; };
		49BD0DAC28B7AEA300D41CF1 /* EmptyCell.swift */ = {isa = PBXFileReference; lastKnownFileType = sourcecode.swift; path = EmptyCell.swift; sourceTree = "<group>"; };
/* End PBXFileReference section */

/* Begin PBXFrameworksBuildPhase section */
		49BD0D6828B75B5B00D41CF1 /* Frameworks */ = {
			isa = PBXFrameworksBuildPhase;
			buildActionMask = 2147483647;
			files = (
				49BD0DA428B76D7D00D41CF1 /* SnapKit in Frameworks */,
				49BD0DB028B7B21300D41CF1 /* Then in Frameworks */,
			);
			runOnlyForDeploymentPostprocessing = 0;
		};
		49BD0D7E28B75B5D00D41CF1 /* Frameworks */ = {
			isa = PBXFrameworksBuildPhase;
			buildActionMask = 2147483647;
			files = (
			);
			runOnlyForDeploymentPostprocessing = 0;
		};
		49BD0D8828B75B5D00D41CF1 /* Frameworks */ = {
			isa = PBXFrameworksBuildPhase;
			buildActionMask = 2147483647;
			files = (
			);
			runOnlyForDeploymentPostprocessing = 0;
		};
/* End PBXFrameworksBuildPhase section */

/* Begin PBXGroup section */
		49BD0D6228B75B5B00D41CF1 = {
			isa = PBXGroup;
			children = (
				49BD0D6D28B75B5B00D41CF1 /* BookFinder */,
				49BD0D8428B75B5D00D41CF1 /* BookFinderTests */,
				49BD0D8E28B75B5D00D41CF1 /* BookFinderUITests */,
				49BD0D6C28B75B5B00D41CF1 /* Products */,
			);
			sourceTree = "<group>";
		};
		49BD0D6C28B75B5B00D41CF1 /* Products */ = {
			isa = PBXGroup;
			children = (
				49BD0D6B28B75B5B00D41CF1 /* BookFinder.app */,
				49BD0D8128B75B5D00D41CF1 /* BookFinderTests.xctest */,
				49BD0D8B28B75B5D00D41CF1 /* BookFinderUITests.xctest */,
			);
			name = Products;
			sourceTree = "<group>";
		};
		49BD0D6D28B75B5B00D41CF1 /* BookFinder */ = {
			isa = PBXGroup;
			children = (
				49BD0D9E28B75B7900D41CF1 /* Apps */,
				49BD0DA728B776F700D41CF1 /* Extensions */,
				49BD0DA128B75BD800D41CF1 /* Resources */,
				49BD0DA028B75B9600D41CF1 /* Scenes */,
			);
			path = BookFinder;
			sourceTree = "<group>";
		};
		49BD0D8428B75B5D00D41CF1 /* BookFinderTests */ = {
			isa = PBXGroup;
			children = (
				49BD0D8528B75B5D00D41CF1 /* BookFinderTests.swift */,
			);
			path = BookFinderTests;
			sourceTree = "<group>";
		};
		49BD0D8E28B75B5D00D41CF1 /* BookFinderUITests */ = {
			isa = PBXGroup;
			children = (
				49BD0D8F28B75B5D00D41CF1 /* BookFinderUITests.swift */,
				49BD0D9128B75B5D00D41CF1 /* BookFinderUITestsLaunchTests.swift */,
			);
			path = BookFinderUITests;
			sourceTree = "<group>";
		};
		49BD0D9E28B75B7900D41CF1 /* Apps */ = {
			isa = PBXGroup;
			children = (
				49BD0D6E28B75B5B00D41CF1 /* AppDelegate.swift */,
				49BD0D7028B75B5B00D41CF1 /* SceneDelegate.swift */,
			);
			path = Apps;
			sourceTree = "<group>";
		};
		49BD0DA028B75B9600D41CF1 /* Scenes */ = {
			isa = PBXGroup;
			children = (
				49BD0DA528B7769100D41CF1 /* BookCell.swift */,
				49BD0DAA28B7A0CD00D41CF1 /* BookDetailView.swift */,
				49BD0D7228B75B5B00D41CF1 /* BookFinderViewController.swift */,
				49BD0DAC28B7AEA300D41CF1 /* EmptyCell.swift */,
			);
			path = Scenes;
			sourceTree = "<group>";
		};
		49BD0DA128B75BD800D41CF1 /* Resources */ = {
			isa = PBXGroup;
			children = (
				49BD0D7728B75B5D00D41CF1 /* Assets.xcassets */,
				49BD0D7C28B75B5D00D41CF1 /* Info.plist */,
			);
			path = Resources;
			sourceTree = "<group>";
		};
		49BD0DA728B776F700D41CF1 /* Extensions */ = {
			isa = PBXGroup;
			children = (
				49BD0DA828B7776300D41CF1 /* UITableView+Reusable.swift */,
			);
			path = Extensions;
			sourceTree = "<group>";
		};
/* End PBXGroup section */

/* Begin PBXNativeTarget section */
		49BD0D6A28B75B5B00D41CF1 /* BookFinder */ = {
			isa = PBXNativeTarget;
			buildConfigurationList = 49BD0D9528B75B5D00D41CF1 /* Build configuration list for PBXNativeTarget "BookFinder" */;
			buildPhases = (
				49BD0D6728B75B5B00D41CF1 /* Sources */,
				49BD0D6828B75B5B00D41CF1 /* Frameworks */,
				49BD0D6928B75B5B00D41CF1 /* Resources */,
			);
			buildRules = (
			);
			dependencies = (
			);
			name = BookFinder;
			packageProductDependencies = (
				49BD0DA328B76D7D00D41CF1 /* SnapKit */,
				49BD0DAF28B7B21300D41CF1 /* Then */,
			);
			productName = BookFinder;
			productReference = 49BD0D6B28B75B5B00D41CF1 /* BookFinder.app */;
			productType = "com.apple.product-type.application";
		};
		49BD0D8028B75B5D00D41CF1 /* BookFinderTests */ = {
			isa = PBXNativeTarget;
			buildConfigurationList = 49BD0D9828B75B5D00D41CF1 /* Build configuration list for PBXNativeTarget "BookFinderTests" */;
			buildPhases = (
				49BD0D7D28B75B5D00D41CF1 /* Sources */,
				49BD0D7E28B75B5D00D41CF1 /* Frameworks */,
				49BD0D7F28B75B5D00D41CF1 /* Resources */,
			);
			buildRules = (
			);
			dependencies = (
				49BD0D8328B75B5D00D41CF1 /* PBXTargetDependency */,
			);
			name = BookFinderTests;
			productName = BookFinderTests;
			productReference = 49BD0D8128B75B5D00D41CF1 /* BookFinderTests.xctest */;
			productType = "com.apple.product-type.bundle.unit-test";
		};
		49BD0D8A28B75B5D00D41CF1 /* BookFinderUITests */ = {
			isa = PBXNativeTarget;
			buildConfigurationList = 49BD0D9B28B75B5D00D41CF1 /* Build configuration list for PBXNativeTarget "BookFinderUITests" */;
			buildPhases = (
				49BD0D8728B75B5D00D41CF1 /* Sources */,
				49BD0D8828B75B5D00D41CF1 /* Frameworks */,
				49BD0D8928B75B5D00D41CF1 /* Resources */,
			);
			buildRules = (
			);
			dependencies = (
				49BD0D8D28B75B5D00D41CF1 /* PBXTargetDependency */,
			);
			name = BookFinderUITests;
			productName = BookFinderUITests;
			productReference = 49BD0D8B28B75B5D00D41CF1 /* BookFinderUITests.xctest */;
			productType = "com.apple.product-type.bundle.ui-testing";
		};
/* End PBXNativeTarget section */

/* Begin PBXProject section */
		49BD0D6328B75B5B00D41CF1 /* Project object */ = {
			isa = PBXProject;
			attributes = {
				BuildIndependentTargetsInParallel = 1;
				LastSwiftUpdateCheck = 1340;
				LastUpgradeCheck = 1340;
				TargetAttributes = {
					49BD0D6A28B75B5B00D41CF1 = {
						CreatedOnToolsVersion = 13.4.1;
					};
					49BD0D8028B75B5D00D41CF1 = {
						CreatedOnToolsVersion = 13.4.1;
						TestTargetID = 49BD0D6A28B75B5B00D41CF1;
					};
					49BD0D8A28B75B5D00D41CF1 = {
						CreatedOnToolsVersion = 13.4.1;
						TestTargetID = 49BD0D6A28B75B5B00D41CF1;
					};
				};
			};
			buildConfigurationList = 49BD0D6628B75B5B00D41CF1 /* Build configuration list for PBXProject "BookFinder" */;
			compatibilityVersion = "Xcode 13.0";
			developmentRegion = en;
			hasScannedForEncodings = 0;
			knownRegions = (
				en,
				Base,
			);
			mainGroup = 49BD0D6228B75B5B00D41CF1;
			packageReferences = (
				49BD0DA228B76D7D00D41CF1 /* XCRemoteSwiftPackageReference "SnapKit" */,
				49BD0DAE28B7B21300D41CF1 /* XCRemoteSwiftPackageReference "Then" */,
			);
			productRefGroup = 49BD0D6C28B75B5B00D41CF1 /* Products */;
			projectDirPath = "";
			projectRoot = "";
			targets = (
				49BD0D6A28B75B5B00D41CF1 /* BookFinder */,
				49BD0D8028B75B5D00D41CF1 /* BookFinderTests */,
				49BD0D8A28B75B5D00D41CF1 /* BookFinderUITests */,
			);
		};
/* End PBXProject section */

/* Begin PBXResourcesBuildPhase section */
		49BD0D6928B75B5B00D41CF1 /* Resources */ = {
			isa = PBXResourcesBuildPhase;
			buildActionMask = 2147483647;
			files = (
				49BD0D7828B75B5D00D41CF1 /* Assets.xcassets in Resources */,
			);
			runOnlyForDeploymentPostprocessing = 0;
		};
		49BD0D7F28B75B5D00D41CF1 /* Resources */ = {
			isa = PBXResourcesBuildPhase;
			buildActionMask = 2147483647;
			files = (
			);
			runOnlyForDeploymentPostprocessing = 0;
		};
		49BD0D8928B75B5D00D41CF1 /* Resources */ = {
			isa = PBXResourcesBuildPhase;
			buildActionMask = 2147483647;
			files = (
			);
			runOnlyForDeploymentPostprocessing = 0;
		};
/* End PBXResourcesBuildPhase section */

/* Begin PBXSourcesBuildPhase section */
		49BD0D6728B75B5B00D41CF1 /* Sources */ = {
			isa = PBXSourcesBuildPhase;
			buildActionMask = 2147483647;
			files = (
				49BD0DA928B7776300D41CF1 /* UITableView+Reusable.swift in Sources */,
				49BD0D7328B75B5B00D41CF1 /* BookFinderViewController.swift in Sources */,
				49BD0DA628B7769100D41CF1 /* BookCell.swift in Sources */,
				49BD0DAD28B7AEA300D41CF1 /* EmptyCell.swift in Sources */,
				49BD0D6F28B75B5B00D41CF1 /* AppDelegate.swift in Sources */,
				49BD0DAB28B7A0CE00D41CF1 /* BookDetailView.swift in Sources */,
				49BD0D7128B75B5B00D41CF1 /* SceneDelegate.swift in Sources */,
			);
			runOnlyForDeploymentPostprocessing = 0;
		};
		49BD0D7D28B75B5D00D41CF1 /* Sources */ = {
			isa = PBXSourcesBuildPhase;
			buildActionMask = 2147483647;
			files = (
				49BD0D8628B75B5D00D41CF1 /* BookFinderTests.swift in Sources */,
			);
			runOnlyForDeploymentPostprocessing = 0;
		};
		49BD0D8728B75B5D00D41CF1 /* Sources */ = {
			isa = PBXSourcesBuildPhase;
			buildActionMask = 2147483647;
			files = (
				49BD0D9028B75B5D00D41CF1 /* BookFinderUITests.swift in Sources */,
				49BD0D9228B75B5D00D41CF1 /* BookFinderUITestsLaunchTests.swift in Sources */,
			);
			runOnlyForDeploymentPostprocessing = 0;
		};
/* End PBXSourcesBuildPhase section */

/* Begin PBXTargetDependency section */
		49BD0D8328B75B5D00D41CF1 /* PBXTargetDependency */ = {
			isa = PBXTargetDependency;
			target = 49BD0D6A28B75B5B00D41CF1 /* BookFinder */;
			targetProxy = 49BD0D8228B75B5D00D41CF1 /* PBXContainerItemProxy */;
		};
		49BD0D8D28B75B5D00D41CF1 /* PBXTargetDependency */ = {
			isa = PBXTargetDependency;
			target = 49BD0D6A28B75B5B00D41CF1 /* BookFinder */;
			targetProxy = 49BD0D8C28B75B5D00D41CF1 /* PBXContainerItemProxy */;
		};
/* End PBXTargetDependency section */

/* Begin XCBuildConfiguration section */
		49BD0D9328B75B5D00D41CF1 /* Debug */ = {
			isa = XCBuildConfiguration;
			buildSettings = {
				ALWAYS_SEARCH_USER_PATHS = NO;
				CLANG_ANALYZER_NONNULL = YES;
				CLANG_ANALYZER_NUMBER_OBJECT_CONVERSION = YES_AGGRESSIVE;
				CLANG_CXX_LANGUAGE_STANDARD = "gnu++17";
				CLANG_ENABLE_MODULES = YES;
				CLANG_ENABLE_OBJC_ARC = YES;
				CLANG_ENABLE_OBJC_WEAK = YES;
				CLANG_WARN_BLOCK_CAPTURE_AUTORELEASING = YES;
				CLANG_WARN_BOOL_CONVERSION = YES;
				CLANG_WARN_COMMA = YES;
				CLANG_WARN_CONSTANT_CONVERSION = YES;
				CLANG_WARN_DEPRECATED_OBJC_IMPLEMENTATIONS = YES;
				CLANG_WARN_DIRECT_OBJC_ISA_USAGE = YES_ERROR;
				CLANG_WARN_DOCUMENTATION_COMMENTS = YES;
				CLANG_WARN_EMPTY_BODY = YES;
				CLANG_WARN_ENUM_CONVERSION = YES;
				CLANG_WARN_INFINITE_RECURSION = YES;
				CLANG_WARN_INT_CONVERSION = YES;
				CLANG_WARN_NON_LITERAL_NULL_CONVERSION = YES;
				CLANG_WARN_OBJC_IMPLICIT_RETAIN_SELF = YES;
				CLANG_WARN_OBJC_LITERAL_CONVERSION = YES;
				CLANG_WARN_OBJC_ROOT_CLASS = YES_ERROR;
				CLANG_WARN_QUOTED_INCLUDE_IN_FRAMEWORK_HEADER = YES;
				CLANG_WARN_RANGE_LOOP_ANALYSIS = YES;
				CLANG_WARN_STRICT_PROTOTYPES = YES;
				CLANG_WARN_SUSPICIOUS_MOVE = YES;
				CLANG_WARN_UNGUARDED_AVAILABILITY = YES_AGGRESSIVE;
				CLANG_WARN_UNREACHABLE_CODE = YES;
				CLANG_WARN__DUPLICATE_METHOD_MATCH = YES;
				COPY_PHASE_STRIP = NO;
				DEBUG_INFORMATION_FORMAT = dwarf;
				ENABLE_STRICT_OBJC_MSGSEND = YES;
				ENABLE_TESTABILITY = YES;
				GCC_C_LANGUAGE_STANDARD = gnu11;
				GCC_DYNAMIC_NO_PIC = NO;
				GCC_NO_COMMON_BLOCKS = YES;
				GCC_OPTIMIZATION_LEVEL = 0;
				GCC_PREPROCESSOR_DEFINITIONS = (
					"DEBUG=1",
					"$(inherited)",
				);
				GCC_WARN_64_TO_32_BIT_CONVERSION = YES;
				GCC_WARN_ABOUT_RETURN_TYPE = YES_ERROR;
				GCC_WARN_UNDECLARED_SELECTOR = YES;
				GCC_WARN_UNINITIALIZED_AUTOS = YES_AGGRESSIVE;
				GCC_WARN_UNUSED_FUNCTION = YES;
				GCC_WARN_UNUSED_VARIABLE = YES;
				IPHONEOS_DEPLOYMENT_TARGET = 15.5;
				MTL_ENABLE_DEBUG_INFO = INCLUDE_SOURCE;
				MTL_FAST_MATH = YES;
				ONLY_ACTIVE_ARCH = YES;
				SDKROOT = iphoneos;
				SWIFT_ACTIVE_COMPILATION_CONDITIONS = DEBUG;
				SWIFT_OPTIMIZATION_LEVEL = "-Onone";
			};
			name = Debug;
		};
		49BD0D9428B75B5D00D41CF1 /* Release */ = {
			isa = XCBuildConfiguration;
			buildSettings = {
				ALWAYS_SEARCH_USER_PATHS = NO;
				CLANG_ANALYZER_NONNULL = YES;
				CLANG_ANALYZER_NUMBER_OBJECT_CONVERSION = YES_AGGRESSIVE;
				CLANG_CXX_LANGUAGE_STANDARD = "gnu++17";
				CLANG_ENABLE_MODULES = YES;
				CLANG_ENABLE_OBJC_ARC = YES;
				CLANG_ENABLE_OBJC_WEAK = YES;
				CLANG_WARN_BLOCK_CAPTURE_AUTORELEASING = YES;
				CLANG_WARN_BOOL_CONVERSION = YES;
				CLANG_WARN_COMMA = YES;
				CLANG_WARN_CONSTANT_CONVERSION = YES;
				CLANG_WARN_DEPRECATED_OBJC_IMPLEMENTATIONS = YES;
				CLANG_WARN_DIRECT_OBJC_ISA_USAGE = YES_ERROR;
				CLANG_WARN_DOCUMENTATION_COMMENTS = YES;
				CLANG_WARN_EMPTY_BODY = YES;
				CLANG_WARN_ENUM_CONVERSION = YES;
				CLANG_WARN_INFINITE_RECURSION = YES;
				CLANG_WARN_INT_CONVERSION = YES;
				CLANG_WARN_NON_LITERAL_NULL_CONVERSION = YES;
				CLANG_WARN_OBJC_IMPLICIT_RETAIN_SELF = YES;
				CLANG_WARN_OBJC_LITERAL_CONVERSION = YES;
				CLANG_WARN_OBJC_ROOT_CLASS = YES_ERROR;
				CLANG_WARN_QUOTED_INCLUDE_IN_FRAMEWORK_HEADER = YES;
				CLANG_WARN_RANGE_LOOP_ANALYSIS = YES;
				CLANG_WARN_STRICT_PROTOTYPES = YES;
				CLANG_WARN_SUSPICIOUS_MOVE = YES;
				CLANG_WARN_UNGUARDED_AVAILABILITY = YES_AGGRESSIVE;
				CLANG_WARN_UNREACHABLE_CODE = YES;
				CLANG_WARN__DUPLICATE_METHOD_MATCH = YES;
				COPY_PHASE_STRIP = NO;
				DEBUG_INFORMATION_FORMAT = "dwarf-with-dsym";
				ENABLE_NS_ASSERTIONS = NO;
				ENABLE_STRICT_OBJC_MSGSEND = YES;
				GCC_C_LANGUAGE_STANDARD = gnu11;
				GCC_NO_COMMON_BLOCKS = YES;
				GCC_WARN_64_TO_32_BIT_CONVERSION = YES;
				GCC_WARN_ABOUT_RETURN_TYPE = YES_ERROR;
				GCC_WARN_UNDECLARED_SELECTOR = YES;
				GCC_WARN_UNINITIALIZED_AUTOS = YES_AGGRESSIVE;
				GCC_WARN_UNUSED_FUNCTION = YES;
				GCC_WARN_UNUSED_VARIABLE = YES;
				IPHONEOS_DEPLOYMENT_TARGET = 15.5;
				MTL_ENABLE_DEBUG_INFO = NO;
				MTL_FAST_MATH = YES;
				SDKROOT = iphoneos;
				SWIFT_COMPILATION_MODE = wholemodule;
				SWIFT_OPTIMIZATION_LEVEL = "-O";
				VALIDATE_PRODUCT = YES;
			};
			name = Release;
		};
		49BD0D9628B75B5D00D41CF1 /* Debug */ = {
			isa = XCBuildConfiguration;
			buildSettings = {
				ASSETCATALOG_COMPILER_APPICON_NAME = AppIcon;
				ASSETCATALOG_COMPILER_GLOBAL_ACCENT_COLOR_NAME = AccentColor;
				CODE_SIGN_STYLE = Automatic;
				CURRENT_PROJECT_VERSION = 1;
				GENERATE_INFOPLIST_FILE = YES;
				INFOPLIST_FILE = BookFinder/Resources/Info.plist;
				INFOPLIST_KEY_UIApplicationSupportsIndirectInputEvents = YES;
				INFOPLIST_KEY_UISupportedInterfaceOrientations = UIInterfaceOrientationPortrait;
				INFOPLIST_KEY_UISupportedInterfaceOrientations_iPad = "UIInterfaceOrientationPortrait UIInterfaceOrientationPortraitUpsideDown UIInterfaceOrientationLandscapeLeft UIInterfaceOrientationLandscapeRight";
				INFOPLIST_KEY_UISupportedInterfaceOrientations_iPhone = "UIInterfaceOrientationPortrait UIInterfaceOrientationLandscapeLeft UIInterfaceOrientationLandscapeRight";
				IPHONEOS_DEPLOYMENT_TARGET = 14.1;
				LD_RUNPATH_SEARCH_PATHS = (
					"$(inherited)",
					"@executable_path/Frameworks",
				);
				MARKETING_VERSION = 1.0;
				PRODUCT_BUNDLE_IDENTIFIER = app.tinygram.bookfinder;
				PRODUCT_NAME = "$(TARGET_NAME)";
				SWIFT_EMIT_LOC_STRINGS = YES;
				SWIFT_VERSION = 5.0;
				TARGETED_DEVICE_FAMILY = 1;
			};
			name = Debug;
		};
		49BD0D9728B75B5D00D41CF1 /* Release */ = {
			isa = XCBuildConfiguration;
			buildSettings = {
				ASSETCATALOG_COMPILER_APPICON_NAME = AppIcon;
				ASSETCATALOG_COMPILER_GLOBAL_ACCENT_COLOR_NAME = AccentColor;
				CODE_SIGN_STYLE = Automatic;
				CURRENT_PROJECT_VERSION = 1;
				GENERATE_INFOPLIST_FILE = YES;
				INFOPLIST_FILE = BookFinder/Resources/Info.plist;
				INFOPLIST_KEY_UIApplicationSupportsIndirectInputEvents = YES;
				INFOPLIST_KEY_UISupportedInterfaceOrientations = UIInterfaceOrientationPortrait;
				INFOPLIST_KEY_UISupportedInterfaceOrientations_iPad = "UIInterfaceOrientationPortrait UIInterfaceOrientationPortraitUpsideDown UIInterfaceOrientationLandscapeLeft UIInterfaceOrientationLandscapeRight";
				INFOPLIST_KEY_UISupportedInterfaceOrientations_iPhone = "UIInterfaceOrientationPortrait UIInterfaceOrientationLandscapeLeft UIInterfaceOrientationLandscapeRight";
				IPHONEOS_DEPLOYMENT_TARGET = 14.1;
				LD_RUNPATH_SEARCH_PATHS = (
					"$(inherited)",
					"@executable_path/Frameworks",
				);
				MARKETING_VERSION = 1.0;
				PRODUCT_BUNDLE_IDENTIFIER = app.tinygram.bookfinder;
				PRODUCT_NAME = "$(TARGET_NAME)";
				SWIFT_EMIT_LOC_STRINGS = YES;
				SWIFT_VERSION = 5.0;
				TARGETED_DEVICE_FAMILY = 1;
			};
			name = Release;
		};
		49BD0D9928B75B5D00D41CF1 /* Debug */ = {
			isa = XCBuildConfiguration;
			buildSettings = {
				ALWAYS_EMBED_SWIFT_STANDARD_LIBRARIES = YES;
				BUNDLE_LOADER = "$(TEST_HOST)";
				CODE_SIGN_STYLE = Automatic;
				CURRENT_PROJECT_VERSION = 1;
				GENERATE_INFOPLIST_FILE = YES;
				IPHONEOS_DEPLOYMENT_TARGET = 15.5;
				MARKETING_VERSION = 1.0;
				PRODUCT_BUNDLE_IDENTIFIER = app.tinygram.BookFinderTests;
				PRODUCT_NAME = "$(TARGET_NAME)";
				SWIFT_EMIT_LOC_STRINGS = NO;
				SWIFT_VERSION = 5.0;
				TARGETED_DEVICE_FAMILY = "1,2";
				TEST_HOST = "$(BUILT_PRODUCTS_DIR)/BookFinder.app/BookFinder";
			};
			name = Debug;
		};
		49BD0D9A28B75B5D00D41CF1 /* Release */ = {
			isa = XCBuildConfiguration;
			buildSettings = {
				ALWAYS_EMBED_SWIFT_STANDARD_LIBRARIES = YES;
				BUNDLE_LOADER = "$(TEST_HOST)";
				CODE_SIGN_STYLE = Automatic;
				CURRENT_PROJECT_VERSION = 1;
				GENERATE_INFOPLIST_FILE = YES;
				IPHONEOS_DEPLOYMENT_TARGET = 15.5;
				MARKETING_VERSION = 1.0;
				PRODUCT_BUNDLE_IDENTIFIER = app.tinygram.BookFinderTests;
				PRODUCT_NAME = "$(TARGET_NAME)";
				SWIFT_EMIT_LOC_STRINGS = NO;
				SWIFT_VERSION = 5.0;
				TARGETED_DEVICE_FAMILY = "1,2";
				TEST_HOST = "$(BUILT_PRODUCTS_DIR)/BookFinder.app/BookFinder";
			};
			name = Release;
		};
		49BD0D9C28B75B5D00D41CF1 /* Debug */ = {
			isa = XCBuildConfiguration;
			buildSettings = {
				ALWAYS_EMBED_SWIFT_STANDARD_LIBRARIES = YES;
				CODE_SIGN_STYLE = Automatic;
				CURRENT_PROJECT_VERSION = 1;
				GENERATE_INFOPLIST_FILE = YES;
				MARKETING_VERSION = 1.0;
				PRODUCT_BUNDLE_IDENTIFIER = app.tinygram.BookFinderUITests;
				PRODUCT_NAME = "$(TARGET_NAME)";
				SWIFT_EMIT_LOC_STRINGS = NO;
				SWIFT_VERSION = 5.0;
				TARGETED_DEVICE_FAMILY = "1,2";
				TEST_TARGET_NAME = BookFinder;
			};
			name = Debug;
		};
		49BD0D9D28B75B5D00D41CF1 /* Release */ = {
			isa = XCBuildConfiguration;
			buildSettings = {
				ALWAYS_EMBED_SWIFT_STANDARD_LIBRARIES = YES;
				CODE_SIGN_STYLE = Automatic;
				CURRENT_PROJECT_VERSION = 1;
				GENERATE_INFOPLIST_FILE = YES;
				MARKETING_VERSION = 1.0;
				PRODUCT_BUNDLE_IDENTIFIER = app.tinygram.BookFinderUITests;
				PRODUCT_NAME = "$(TARGET_NAME)";
				SWIFT_EMIT_LOC_STRINGS = NO;
				SWIFT_VERSION = 5.0;
				TARGETED_DEVICE_FAMILY = "1,2";
				TEST_TARGET_NAME = BookFinder;
			};
			name = Release;
		};
/* End XCBuildConfiguration section */

/* Begin XCConfigurationList section */
		49BD0D6628B75B5B00D41CF1 /* Build configuration list for PBXProject "BookFinder" */ = {
			isa = XCConfigurationList;
			buildConfigurations = (
				49BD0D9328B75B5D00D41CF1 /* Debug */,
				49BD0D9428B75B5D00D41CF1 /* Release */,
			);
			defaultConfigurationIsVisible = 0;
			defaultConfigurationName = Release;
		};
		49BD0D9528B75B5D00D41CF1 /* Build configuration list for PBXNativeTarget "BookFinder" */ = {
			isa = XCConfigurationList;
			buildConfigurations = (
				49BD0D9628B75B5D00D41CF1 /* Debug */,
				49BD0D9728B75B5D00D41CF1 /* Release */,
			);
			defaultConfigurationIsVisible = 0;
			defaultConfigurationName = Release;
		};
		49BD0D9828B75B5D00D41CF1 /* Build configuration list for PBXNativeTarget "BookFinderTests" */ = {
			isa = XCConfigurationList;
			buildConfigurations = (
				49BD0D9928B75B5D00D41CF1 /* Debug */,
				49BD0D9A28B75B5D00D41CF1 /* Release */,
			);
			defaultConfigurationIsVisible = 0;
			defaultConfigurationName = Release;
		};
		49BD0D9B28B75B5D00D41CF1 /* Build configuration list for PBXNativeTarget "BookFinderUITests" */ = {
			isa = XCConfigurationList;
			buildConfigurations = (
				49BD0D9C28B75B5D00D41CF1 /* Debug */,
				49BD0D9D28B75B5D00D41CF1 /* Release */,
			);
			defaultConfigurationIsVisible = 0;
			defaultConfigurationName = Release;
		};
/* End XCConfigurationList section */

/* Begin XCRemoteSwiftPackageReference section */
		49BD0DA228B76D7D00D41CF1 /* XCRemoteSwiftPackageReference "SnapKit" */ = {
			isa = XCRemoteSwiftPackageReference;
			repositoryURL = "https://github.com/SnapKit/SnapKit";
			requirement = {
				kind = upToNextMajorVersion;
				minimumVersion = 5.0.0;
			};
		};
		49BD0DAE28B7B21300D41CF1 /* XCRemoteSwiftPackageReference "Then" */ = {
			isa = XCRemoteSwiftPackageReference;
			repositoryURL = "https://github.com/devxoul/Then";
			requirement = {
				kind = upToNextMajorVersion;
				minimumVersion = 3.0.0;
			};
		};
/* End XCRemoteSwiftPackageReference section */

/* Begin XCSwiftPackageProductDependency section */
		49BD0DA328B76D7D00D41CF1 /* SnapKit */ = {
			isa = XCSwiftPackageProductDependency;
			package = 49BD0DA228B76D7D00D41CF1 /* XCRemoteSwiftPackageReference "SnapKit" */;
			productName = SnapKit;
		};
		49BD0DAF28B7B21300D41CF1 /* Then */ = {
			isa = XCSwiftPackageProductDependency;
			package = 49BD0DAE28B7B21300D41CF1 /* XCRemoteSwiftPackageReference "Then" */;
			productName = Then;
		};
/* End XCSwiftPackageProductDependency section */
	};
	rootObject = 49BD0D6328B75B5B00D41CF1 /* Project object */;
}
